
Microsoft Visual Studio Solution File, Format Version 12.00
# Visual Studio Version 17
VisualStudioVersion = 17.11.35327.3
MinimumVisualStudioVersion = 10.0.40219.1
Project("{FAE04EC0-301F-11D3-BF4B-00C04F79EFBC}") = "RESTful Service Module", "RESTful Service Module\RESTful Service Module.csproj", "{E738D103-1FF6-41E4-8783-09FD374A9532}"
EndProject
Project("{FAE04EC0-301F-11D3-BF4B-00C04F79EFBC}") = "Web Application", "Web Application\Web Application.csproj", "{D4F30E95-DFA5-4AA7-8D4D-6AF072040E30}"
EndProject
Global
	GlobalSection(SolutionConfigurationPlatforms) = preSolution
		Debug|Any CPU = Debug|Any CPU
		Release|Any CPU = Release|Any CPU
	EndGlobalSection
	GlobalSection(ProjectConfigurationPlatforms) = postSolution
		{E738D103-1FF6-41E4-8783-09FD374A9532}.Debug|Any CPU.ActiveCfg = Debug|Any CPU
		{E738D103-1FF6-41E4-8783-09FD374A9532}.Debug|Any CPU.Build.0 = Debug|Any CPU
		{E738D103-1FF6-41E4-8783-09FD374A9532}.Release|Any CPU.ActiveCfg = Release|Any CPU
		{E738D103-1FF6-41E4-8783-09FD374A9532}.Release|Any CPU.Build.0 = Release|Any CPU
		{D4F30E95-DFA5-4AA7-8D4D-6AF072040E30}.Debug|Any CPU.ActiveCfg = Debug|Any CPU
		{D4F30E95-DFA5-4AA7-8D4D-6AF072040E30}.Debug|Any CPU.Build.0 = Debug|Any CPU
		{D4F30E95-DFA5-4AA7-8D4D-6AF072040E30}.Release|Any CPU.ActiveCfg = Release|Any CPU
		{D4F30E95-DFA5-4AA7-8D4D-6AF072040E30}.Release|Any CPU.Build.0 = Release|Any CPU
	EndGlobalSection
	GlobalSection(SolutionProperties) = preSolution
		HideSolutionNode = FALSE
	EndGlobalSection
	GlobalSection(ExtensibilityGlobals) = postSolution
		SolutionGuid = {8B86576C-1938-46D4-9EB4-FA4E26E0B436}
	EndGlobalSection
EndGlobal
